// !$*UTF8*$!
{
	archiveVersion = 1;
	classes = {
	};
	objectVersion = 77;
	objects = {

/* Begin PBXContainerItemProxy section */
		B1AEE8622D49F66C000AECA4 /* PBXContainerItemProxy */ = {
			isa = PBXContainerItemProxy;
			containerPortal = B1AEE8432D49F664000AECA4 /* Project object */;
			proxyType = 1;
			remoteGlobalIDString = B1AEE84A2D49F665000AECA4;
			remoteInfo = calculator_app;
		};
		B1AEE86C2D49F66C000AECA4 /* PBXContainerItemProxy */ = {
			isa = PBXContainerItemProxy;
			containerPortal = B1AEE8432D49F664000AECA4 /* Project object */;
			proxyType = 1;
			remoteGlobalIDString = B1AEE84A2D49F665000AECA4;
			remoteInfo = calculator_app;
		};
/* End PBXContainerItemProxy section */

/* Begin PBXFileReference section */
		B1AEE84B2D49F665000AECA4 /* calculator_app.app */ = {isa = PBXFileReference; explicitFileType = wrapper.application; includeInIndex = 0; path = calculator_app.app; sourceTree = BUILT_PRODUCTS_DIR; };
		B1AEE8612D49F66C000AECA4 /* calculator_appTests.xctest */ = {isa = PBXFileReference; explicitFileType = wrapper.cfbundle; includeInIndex = 0; path = calculator_appTests.xctest; sourceTree = BUILT_PRODUCTS_DIR; };
		B1AEE86B2D49F66C000AECA4 /* calculator_appUITests.xctest */ = {isa = PBXFileReference; explicitFileType = wrapper.cfbundle; includeInIndex = 0; path = calculator_appUITests.xctest; sourceTree = BUILT_PRODUCTS_DIR; };
/* End PBXFileReference section */

/* Begin PBXFileSystemSynchronizedBuildFileExceptionSet section */
		B1AEE8732D49F66C000AECA4 /* Exceptions for "calculator_app" folder in "calculator_app" target */ = {
			isa = PBXFileSystemSynchronizedBuildFileExceptionSet;
			membershipExceptions = (
				Info.plist,
			);
			target = B1AEE84A2D49F665000AECA4 /* calculator_app */;
		};
/* End PBXFileSystemSynchronizedBuildFileExceptionSet section */

/* Begin PBXFileSystemSynchronizedRootGroup section */
		B1AEE84D2D49F665000AECA4 /* calculator_app */ = {
			isa = PBXFileSystemSynchronizedRootGroup;
			exceptions = (
				B1AEE8732D49F66C000AECA4 /* Exceptions for "calculator_app" folder in "calculator_app" target */,
			);
			path = calculator_app;
			sourceTree = "<group>";
		};
		B1AEE8642D49F66C000AECA4 /* calculator_appTests */ = {
			isa = PBXFileSystemSynchronizedRootGroup;
			path = calculator_appTests;
			sourceTree = "<group>";
		};
		B1AEE86E2D49F66C000AECA4 /* calculator_appUITests */ = {
			isa = PBXFileSystemSynchronizedRootGroup;
			path = calculator_appUITests;
			sourceTree = "<group>";
		};
/* End PBXFileSystemSynchronizedRootGroup section */

/* Begin PBXFrameworksBuildPhase section */
		B1AEE8482D49F665000AECA4 /* Frameworks */ = {
			isa = PBXFrameworksBuildPhase;
			buildActionMask = 2147483647;
			files = (
			);
			runOnlyForDeploymentPostprocessing = 0;
		};
		B1AEE85E2D49F66C000AECA4 /* Frameworks */ = {
			isa = PBXFrameworksBuildPhase;
			buildActionMask = 2147483647;
			files = (
			);
			runOnlyForDeploymentPostprocessing = 0;
		};
		B1AEE8682D49F66C000AECA4 /* Frameworks */ = {
			isa = PBXFrameworksBuildPhase;
			buildActionMask = 2147483647;
			files = (
			);
			runOnlyForDeploymentPostprocessing = 0;
		};
/* End PBXFrameworksBuildPhase section */

/* Begin PBXGroup section */
		B1AEE8422D49F664000AECA4 = {
			isa = PBXGroup;
			children = (
				B1AEE84D2D49F665000AECA4 /* calculator_app */,
				B1AEE8642D49F66C000AECA4 /* calculator_appTests */,
				B1AEE86E2D49F66C000AECA4 /* calculator_appUITests */,
				B1AEE84C2D49F665000AECA4 /* Products */,
			);
			sourceTree = "<group>";
		};
		B1AEE84C2D49F665000AECA4 /* Products */ = {
			isa = PBXGroup;
			children = (
				B1AEE84B2D49F665000AECA4 /* calculator_app.app */,
				B1AEE8612D49F66C000AECA4 /* calculator_appTests.xctest */,
				B1AEE86B2D49F66C000AECA4 /* calculator_appUITests.xctest */,
			);
			name = Products;
			sourceTree = "<group>";
		};
/* End PBXGroup section */

/* Begin PBXNativeTarget section */
		B1AEE84A2D49F665000AECA4 /* calculator_app */ = {
			isa = PBXNativeTarget;
			buildConfigurationList = B1AEE8742D49F66C000AECA4 /* Build configuration list for PBXNativeTarget "calculator_app" */;
			buildPhases = (
				B1AEE8472D49F665000AECA4 /* Sources */,
				B1AEE8482D49F665000AECA4 /* Frameworks */,
				B1AEE8492D49F665000AECA4 /* Resources */,
			);
			buildRules = (
			);
			dependencies = (
			);
			fileSystemSynchronizedGroups = (
				B1AEE84D2D49F665000AECA4 /* calculator_app */,
			);
			name = calculator_app;
			packageProductDependencies = (
			);
			productName = calculator_app;
			productReference = B1AEE84B2D49F665000AECA4 /* calculator_app.app */;
			productType = "com.apple.product-type.application";
		};
		B1AEE8602D49F66C000AECA4 /* calculator_appTests */ = {
			isa = PBXNativeTarget;
			buildConfigurationList = B1AEE8792D49F66C000AECA4 /* Build configuration list for PBXNativeTarget "calculator_appTests" */;
			buildPhases = (
				B1AEE85D2D49F66C000AECA4 /* Sources */,
				B1AEE85E2D49F66C000AECA4 /* Frameworks */,
				B1AEE85F2D49F66C000AECA4 /* Resources */,
			);
			buildRules = (
			);
			dependencies = (
				B1AEE8632D49F66C000AECA4 /* PBXTargetDependency */,
			);
			fileSystemSynchronizedGroups = (
				B1AEE8642D49F66C000AECA4 /* calculator_appTests */,
			);
			name = calculator_appTests;
			packageProductDependencies = (
			);
			productName = calculator_appTests;
			productReference = B1AEE8612D49F66C000AECA4 /* calculator_appTests.xctest */;
			productType = "com.apple.product-type.bundle.unit-test";
		};
		B1AEE86A2D49F66C000AECA4 /* calculator_appUITests */ = {
			isa = PBXNativeTarget;
			buildConfigurationList = B1AEE87C2D49F66C000AECA4 /* Build configuration list for PBXNativeTarget "calculator_appUITests" */;
			buildPhases = (
				B1AEE8672D49F66C000AECA4 /* Sources */,
				B1AEE8682D49F66C000AECA4 /* Frameworks */,
				B1AEE8692D49F66C000AECA4 /* Resources */,
			);
			buildRules = (
			);
			dependencies = (
				B1AEE86D2D49F66C000AECA4 /* PBXTargetDependency */,
			);
			fileSystemSynchronizedGroups = (
				B1AEE86E2D49F66C000AECA4 /* calculator_appUITests */,
			);
			name = calculator_appUITests;
			packageProductDependencies = (
			);
			productName = calculator_appUITests;
			productReference = B1AEE86B2D49F66C000AECA4 /* calculator_appUITests.xctest */;
			productType = "com.apple.product-type.bundle.ui-testing";
		};
/* End PBXNativeTarget section */

/* Begin PBXProject section */
		B1AEE8432D49F664000AECA4 /* Project object */ = {
			isa = PBXProject;
			attributes = {
				BuildIndependentTargetsInParallel = 1;
				LastSwiftUpdateCheck = 1620;
				LastUpgradeCheck = 1620;
				TargetAttributes = {
					B1AEE84A2D49F665000AECA4 = {
						CreatedOnToolsVersion = 16.2;
					};
					B1AEE8602D49F66C000AECA4 = {
						CreatedOnToolsVersion = 16.2;
						TestTargetID = B1AEE84A2D49F665000AECA4;
					};
					B1AEE86A2D49F66C000AECA4 = {
						CreatedOnToolsVersion = 16.2;
						TestTargetID = B1AEE84A2D49F665000AECA4;
					};
				};
			};
			buildConfigurationList = B1AEE8462D49F664000AECA4 /* Build configuration list for PBXProject "calculator_app" */;
			developmentRegion = en;
			hasScannedForEncodings = 0;
			knownRegions = (
				en,
				Base,
			);
			mainGroup = B1AEE8422D49F664000AECA4;
			minimizedProjectReferenceProxies = 1;
			preferredProjectObjectVersion = 77;
			productRefGroup = B1AEE84C2D49F665000AECA4 /* Products */;
			projectDirPath = "";
			projectRoot = "";
			targets = (
				B1AEE84A2D49F665000AECA4 /* calculator_app */,
				B1AEE8602D49F66C000AECA4 /* calculator_appTests */,
				B1AEE86A2D49F66C000AECA4 /* calculator_appUITests */,
			);
		};
/* End PBXProject section */

/* Begin PBXResourcesBuildPhase section */
		B1AEE8492D49F665000AECA4 /* Resources */ = {
			isa = PBXResourcesBuildPhase;
			buildActionMask = 2147483647;
			files = (
			);
			runOnlyForDeploymentPostprocessing = 0;
		};
		B1AEE85F2D49F66C000AECA4 /* Resources */ = {
			isa = PBXResourcesBuildPhase;
			buildActionMask = 2147483647;
			files = (
			);
			runOnlyForDeploymentPostprocessing = 0;
		};
		B1AEE8692D49F66C000AECA4 /* Resources */ = {
			isa = PBXResourcesBuildPhase;
			buildActionMask = 2147483647;
			files = (
			);
			runOnlyForDeploymentPostprocessing = 0;
		};
/* End PBXResourcesBuildPhase section */

/* Begin PBXSourcesBuildPhase section */
		B1AEE8472D49F665000AECA4 /* Sources */ = {
			isa = PBXSourcesBuildPhase;
			buildActionMask = 2147483647;
			files = (
			);
			runOnlyForDeploymentPostprocessing = 0;
		};
		B1AEE85D2D49F66C000AECA4 /* Sources */ = {
			isa = PBXSourcesBuildPhase;
			buildActionMask = 2147483647;
			files = (
			);
			runOnlyForDeploymentPostprocessing = 0;
		};
		B1AEE8672D49F66C000AECA4 /* Sources */ = {
			isa = PBXSourcesBuildPhase;
			buildActionMask = 2147483647;
			files = (
			);
			runOnlyForDeploymentPostprocessing = 0;
		};
/* End PBXSourcesBuildPhase section */

/* Begin PBXTargetDependency section */
		B1AEE8632D49F66C000AECA4 /* PBXTargetDependency */ = {
			isa = PBXTargetDependency;
			target = B1AEE84A2D49F665000AECA4 /* calculator_app */;
			targetProxy = B1AEE8622D49F66C000AECA4 /* PBXContainerItemProxy */;
		};
		B1AEE86D2D49F66C000AECA4 /* PBXTargetDependency */ = {
			isa = PBXTargetDependency;
			target = B1AEE84A2D49F665000AECA4 /* calculator_app */;
			targetProxy = B1AEE86C2D49F66C000AECA4 /* PBXContainerItemProxy */;
		};
/* End PBXTargetDependency section */

/* Begin XCBuildConfiguration section */
		B1AEE8752D49F66C000AECA4 /* Debug */ = {
			isa = XCBuildConfiguration;
			buildSettings = {
				ASSETCATALOG_COMPILER_APPICON_NAME = AppIcon;
				ASSETCATALOG_COMPILER_GLOBAL_ACCENT_COLOR_NAME = AccentColor;
				CODE_SIGN_STYLE = Automatic;
				CURRENT_PROJECT_VERSION = 1;
				GENERATE_INFOPLIST_FILE = YES;
				INFOPLIST_FILE = calculator_app/Info.plist;
				INFOPLIST_KEY_UIApplicationSupportsIndirectInputEvents = YES;
				INFOPLIST_KEY_UILaunchStoryboardName = LaunchScreen;
				INFOPLIST_KEY_UIMainStoryboardFile = Main;
				INFOPLIST_KEY_UISupportedInterfaceOrientations_iPad = "UIInterfaceOrientationPortrait UIInterfaceOrientationPortraitUpsideDown UIInterfaceOrientationLandscapeLeft UIInterfaceOrientationLandscapeRight";
				INFOPLIST_KEY_UISupportedInterfaceOrientations_iPhone = "UIInterfaceOrientationPortrait UIInterfaceOrientationLandscapeLeft UIInterfaceOrientationLandscapeRight";
				LD_RUNPATH_SEARCH_PATHS = (
					"$(inherited)",
					"@executable_path/Frameworks",
				);
				MARKETING_VERSION = 1.0;
				PRODUCT_BUNDLE_IDENTIFIER = "yamatokawai.calculator-app";
				PRODUCT_NAME = "$(TARGET_NAME)";
				SWIFT_EMIT_LOC_STRINGS = YES;
				SWIFT_VERSION = 5.0;
				TARGETED_DEVICE_FAMILY = "1,2";
			};
			name = Debug;
		};
		B1AEE8762D49F66C000AECA4 /* Release */ = {
			isa = XCBuildConfiguration;
			buildSettings = {
				ASSETCATALOG_COMPILER_APPICON_NAME = AppIcon;
				ASSETCATALOG_COMPILER_GLOBAL_ACCENT_COLOR_NAME = AccentColor;
				CODE_SIGN_STYLE = Automatic;
				CURRENT_PROJECT_VERSION = 1;
				GENERATE_INFOPLIST_FILE = YES;
				INFOPLIST_FILE = calculator_app/Info.plist;
				INFOPLIST_KEY_UIApplicationSupportsIndirectInputEvents = YES;
				INFOPLIST_KEY_UILaunchStoryboardName = LaunchScreen;
				INFOPLIST_KEY_UIMainStoryboardFile = Main;
				INFOPLIST_KEY_UISupportedInterfaceOrientations_iPad = "UIInterfaceOrientationPortrait UIInterfaceOrientationPortraitUpsideDown UIInterfaceOrientationLandscapeLeft UIInterfaceOrientationLandscapeRight";
				INFOPLIST_KEY_UISupportedInterfaceOrientations_iPhone = "UIInterfaceOrientationPortrait UIInterfaceOrientationLandscapeLeft UIInterfaceOrientationLandscapeRight";
				LD_RUNPATH_SEARCH_PATHS = (
					"$(inherited)",
					"@executable_path/Frameworks",
				);
				MARKETING_VERSION = 1.0;
				PRODUCT_BUNDLE_IDENTIFIER = "yamatokawai.calculator-app";
				PRODUCT_NAME = "$(TARGET_NAME)";
				SWIFT_EMIT_LOC_STRINGS = YES;
				SWIFT_VERSION = 5.0;
				TARGETED_DEVICE_FAMILY = "1,2";
			};
			name = Release;
		};
		B1AEE8772D49F66C000AECA4 /* Debug */ = {
			isa = XCBuildConfiguration;
			buildSettings = {
				ALWAYS_SEARCH_USER_PATHS = NO;
				ASSETCATALOG_COMPILER_GENERATE_SWIFT_ASSET_SYMBOL_EXTENSIONS = YES;
				CLANG_ANALYZER_NONNULL = YES;
				CLANG_ANALYZER_NUMBER_OBJECT_CONVERSION = YES_AGGRESSIVE;
				CLANG_CXX_LANGUAGE_STANDARD = "gnu++20";
				CLANG_ENABLE_MODULES = YES;
				CLANG_ENABLE_OBJC_ARC = YES;
				CLANG_ENABLE_OBJC_WEAK = YES;
				CLANG_WARN_BLOCK_CAPTURE_AUTORELEASING = YES;
				CLANG_WARN_BOOL_CONVERSION = YES;
				CLANG_WARN_COMMA = YES;
				CLANG_WARN_CONSTANT_CONVERSION = YES;
				CLANG_WARN_DEPRECATED_OBJC_IMPLEMENTATIONS = YES;
				CLANG_WARN_DIRECT_OBJC_ISA_USAGE = YES_ERROR;
				CLANG_WARN_DOCUMENTATION_COMMENTS = YES;
				CLANG_WARN_EMPTY_BODY = YES;
				CLANG_WARN_ENUM_CONVERSION = YES;
				CLANG_WARN_INFINITE_RECURSION = YES;
				CLANG_WARN_INT_CONVERSION = YES;
				CLANG_WARN_NON_LITERAL_NULL_CONVERSION = YES;
				CLANG_WARN_OBJC_IMPLICIT_RETAIN_SELF = YES;
				CLANG_WARN_OBJC_LITERAL_CONVERSION = YES;
				CLANG_WARN_OBJC_ROOT_CLASS = YES_ERROR;
				CLANG_WARN_QUOTED_INCLUDE_IN_FRAMEWORK_HEADER = YES;
				CLANG_WARN_RANGE_LOOP_ANALYSIS = YES;
				CLANG_WARN_STRICT_PROTOTYPES = YES;
				CLANG_WARN_SUSPICIOUS_MOVE = YES;
				CLANG_WARN_UNGUARDED_AVAILABILITY = YES_AGGRESSIVE;
				CLANG_WARN_UNREACHABLE_CODE = YES;
				CLANG_WARN__DUPLICATE_METHOD_MATCH = YES;
				COPY_PHASE_STRIP = NO;
				DEBUG_INFORMATION_FORMAT = dwarf;
				ENABLE_STRICT_OBJC_MSGSEND = YES;
				ENABLE_TESTABILITY = YES;
				ENABLE_USER_SCRIPT_SANDBOXING = YES;
				GCC_C_LANGUAGE_STANDARD = gnu17;
				GCC_DYNAMIC_NO_PIC = NO;
				GCC_NO_COMMON_BLOCKS = YES;
				GCC_OPTIMIZATION_LEVEL = 0;
				GCC_PREPROCESSOR_DEFINITIONS = (
					"DEBUG=1",
					"$(inherited)",
				);
				GCC_WARN_64_TO_32_BIT_CONVERSION = YES;
				GCC_WARN_ABOUT_RETURN_TYPE = YES_ERROR;
				GCC_WARN_UNDECLARED_SELECTOR = YES;
				GCC_WARN_UNINITIALIZED_AUTOS = YES_AGGRESSIVE;
				GCC_WARN_UNUSED_FUNCTION = YES;
				GCC_WARN_UNUSED_VARIABLE = YES;
				IPHONEOS_DEPLOYMENT_TARGET = 18.2;
				LOCALIZATION_PREFERS_STRING_CATALOGS = YES;
				MTL_ENABLE_DEBUG_INFO = INCLUDE_SOURCE;
				MTL_FAST_MATH = YES;
				ONLY_ACTIVE_ARCH = YES;
				SDKROOT = iphoneos;
				SWIFT_ACTIVE_COMPILATION_CONDITIONS = "DEBUG $(inherited)";
				SWIFT_OPTIMIZATION_LEVEL = "-Onone";
			};
			name = Debug;
		};
		B1AEE8782D49F66C000AECA4 /* Release */ = {
			isa = XCBuildConfiguration;
			buildSettings = {
				ALWAYS_SEARCH_USER_PATHS = NO;
				ASSETCATALOG_COMPILER_GENERATE_SWIFT_ASSET_SYMBOL_EXTENSIONS = YES;
				CLANG_ANALYZER_NONNULL = YES;
				CLANG_ANALYZER_NUMBER_OBJECT_CONVERSION = YES_AGGRESSIVE;
				CLANG_CXX_LANGUAGE_STANDARD = "gnu++20";
				CLANG_ENABLE_MODULES = YES;
				CLANG_ENABLE_OBJC_ARC = YES;
				CLANG_ENABLE_OBJC_WEAK = YES;
				CLANG_WARN_BLOCK_CAPTURE_AUTORELEASING = YES;
				CLANG_WARN_BOOL_CONVERSION = YES;
				CLANG_WARN_COMMA = YES;
				CLANG_WARN_CONSTANT_CONVERSION = YES;
				CLANG_WARN_DEPRECATED_OBJC_IMPLEMENTATIONS = YES;
				CLANG_WARN_DIRECT_OBJC_ISA_USAGE = YES_ERROR;
				CLANG_WARN_DOCUMENTATION_COMMENTS = YES;
				CLANG_WARN_EMPTY_BODY = YES;
				CLANG_WARN_ENUM_CONVERSION = YES;
				CLANG_WARN_INFINITE_RECURSION = YES;
				CLANG_WARN_INT_CONVERSION = YES;
				CLANG_WARN_NON_LITERAL_NULL_CONVERSION = YES;
				CLANG_WARN_OBJC_IMPLICIT_RETAIN_SELF = YES;
				CLANG_WARN_OBJC_LITERAL_CONVERSION = YES;
				CLANG_WARN_OBJC_ROOT_CLASS = YES_ERROR;
				CLANG_WARN_QUOTED_INCLUDE_IN_FRAMEWORK_HEADER = YES;
				CLANG_WARN_RANGE_LOOP_ANALYSIS = YES;
				CLANG_WARN_STRICT_PROTOTYPES = YES;
				CLANG_WARN_SUSPICIOUS_MOVE = YES;
				CLANG_WARN_UNGUARDED_AVAILABILITY = YES_AGGRESSIVE;
				CLANG_WARN_UNREACHABLE_CODE = YES;
				CLANG_WARN__DUPLICATE_METHOD_MATCH = YES;
				COPY_PHASE_STRIP = NO;
				DEBUG_INFORMATION_FORMAT = "dwarf-with-dsym";
				ENABLE_NS_ASSERTIONS = NO;
				ENABLE_STRICT_OBJC_MSGSEND = YES;
				ENABLE_USER_SCRIPT_SANDBOXING = YES;
				GCC_C_LANGUAGE_STANDARD = gnu17;
				GCC_NO_COMMON_BLOCKS = YES;
				GCC_WARN_64_TO_32_BIT_CONVERSION = YES;
				GCC_WARN_ABOUT_RETURN_TYPE = YES_ERROR;
				GCC_WARN_UNDECLARED_SELECTOR = YES;
				GCC_WARN_UNINITIALIZED_AUTOS = YES_AGGRESSIVE;
				GCC_WARN_UNUSED_FUNCTION = YES;
				GCC_WARN_UNUSED_VARIABLE = YES;
				IPHONEOS_DEPLOYMENT_TARGET = 18.2;
				LOCALIZATION_PREFERS_STRING_CATALOGS = YES;
				MTL_ENABLE_DEBUG_INFO = NO;
				MTL_FAST_MATH = YES;
				SDKROOT = iphoneos;
				SWIFT_COMPILATION_MODE = wholemodule;
				VALIDATE_PRODUCT = YES;
			};
			name = Release;
		};
		B1AEE87A2D49F66C000AECA4 /* Debug */ = {
			isa = XCBuildConfiguration;
			buildSettings = {
				BUNDLE_LOADER = "$(TEST_HOST)";
				CODE_SIGN_STYLE = Automatic;
				CURRENT_PROJECT_VERSION = 1;
				GENERATE_INFOPLIST_FILE = YES;
				IPHONEOS_DEPLOYMENT_TARGET = 18.2;
				MARKETING_VERSION = 1.0;
				PRODUCT_BUNDLE_IDENTIFIER = "yamatokawai.calculator-appTests";
				PRODUCT_NAME = "$(TARGET_NAME)";
				SWIFT_EMIT_LOC_STRINGS = NO;
				SWIFT_VERSION = 5.0;
				TARGETED_DEVICE_FAMILY = "1,2";
				TEST_HOST = "$(BUILT_PRODUCTS_DIR)/calculator_app.app/$(BUNDLE_EXECUTABLE_FOLDER_PATH)/calculator_app";
			};
			name = Debug;
		};
		B1AEE87B2D49F66C000AECA4 /* Release */ = {
			isa = XCBuildConfiguration;
			buildSettings = {
				BUNDLE_LOADER = "$(TEST_HOST)";
				CODE_SIGN_STYLE = Automatic;
				CURRENT_PROJECT_VERSION = 1;
				GENERATE_INFOPLIST_FILE = YES;
				IPHONEOS_DEPLOYMENT_TARGET = 18.2;
				MARKETING_VERSION = 1.0;
				PRODUCT_BUNDLE_IDENTIFIER = "yamatokawai.calculator-appTests";
				PRODUCT_NAME = "$(TARGET_NAME)";
				SWIFT_EMIT_LOC_STRINGS = NO;
				SWIFT_VERSION = 5.0;
				TARGETED_DEVICE_FAMILY = "1,2";
				TEST_HOST = "$(BUILT_PRODUCTS_DIR)/calculator_app.app/$(BUNDLE_EXECUTABLE_FOLDER_PATH)/calculator_app";
			};
			name = Release;
		};
		B1AEE87D2D49F66C000AECA4 /* Debug */ = {
			isa = XCBuildConfiguration;
			buildSettings = {
				CODE_SIGN_STYLE = Automatic;
				CURRENT_PROJECT_VERSION = 1;
				GENERATE_INFOPLIST_FILE = YES;
				MARKETING_VERSION = 1.0;
				PRODUCT_BUNDLE_IDENTIFIER = "yamatokawai.calculator-appUITests";
				PRODUCT_NAME = "$(TARGET_NAME)";
				SWIFT_EMIT_LOC_STRINGS = NO;
				SWIFT_VERSION = 5.0;
				TARGETED_DEVICE_FAMILY = "1,2";
				TEST_TARGET_NAME = calculator_app;
			};
			name = Debug;
		};
		B1AEE87E2D49F66C000AECA4 /* Release */ = {
			isa = XCBuildConfiguration;
			buildSettings = {
				CODE_SIGN_STYLE = Automatic;
				CURRENT_PROJECT_VERSION = 1;
				GENERATE_INFOPLIST_FILE = YES;
				MARKETING_VERSION = 1.0;
				PRODUCT_BUNDLE_IDENTIFIER = "yamatokawai.calculator-appUITests";
				PRODUCT_NAME = "$(TARGET_NAME)";
				SWIFT_EMIT_LOC_STRINGS = NO;
				SWIFT_VERSION = 5.0;
				TARGETED_DEVICE_FAMILY = "1,2";
				TEST_TARGET_NAME = calculator_app;
			};
			name = Release;
		};
/* End XCBuildConfiguration section */

/* Begin XCConfigurationList section */
		B1AEE8462D49F664000AECA4 /* Build configuration list for PBXProject "calculator_app" */ = {
			isa = XCConfigurationList;
			buildConfigurations = (
				B1AEE8772D49F66C000AECA4 /* Debug */,
				B1AEE8782D49F66C000AECA4 /* Release */,
			);
			defaultConfigurationIsVisible = 0;
			defaultConfigurationName = Release;
		};
		B1AEE8742D49F66C000AECA4 /* Build configuration list for PBXNativeTarget "calculator_app" */ = {
			isa = XCConfigurationList;
			buildConfigurations = (
				B1AEE8752D49F66C000AECA4 /* Debug */,
				B1AEE8762D49F66C000AECA4 /* Release */,
			);
			defaultConfigurationIsVisible = 0;
			defaultConfigurationName = Release;
		};
		B1AEE8792D49F66C000AECA4 /* Build configuration list for PBXNativeTarget "calculator_appTests" */ = {
			isa = XCConfigurationList;
			buildConfigurations = (
				B1AEE87A2D49F66C000AECA4 /* Debug */,
				B1AEE87B2D49F66C000AECA4 /* Release */,
			);
			defaultConfigurationIsVisible = 0;
			defaultConfigurationName = Release;
		};
		B1AEE87C2D49F66C000AECA4 /* Build configuration list for PBXNativeTarget "calculator_appUITests" */ = {
			isa = XCConfigurationList;
			buildConfigurations = (
				B1AEE87D2D49F66C000AECA4 /* Debug */,
				B1AEE87E2D49F66C000AECA4 /* Release */,
			);
			defaultConfigurationIsVisible = 0;
			defaultConfigurationName = Release;
		};
/* End XCConfigurationList section */
	};
	rootObject = B1AEE8432D49F664000AECA4 /* Project object */;
}
